# This file is automatically @generated by Cargo.
# It is not intended for manual editing.
version = 4

[[package]]
name = "lingonberry-core"
version = "0.1.0"
dependencies = [
 "lingonberry-protocol",
]

[[package]]
name = "lingonberry-protocol"
version = "0.1.0"

[[package]]
name = "lingonberry-relay"
version = "0.1.0"
dependencies = [
 "lingonberry-core",
 "lingonberry-protocol",
]
